
Microsoft Visual Studio Solution File, Format Version 12.00
# Visual Studio 15
VisualStudioVersion = 15.0.28307.852
MinimumVisualStudioVersion = 10.0.40219.1
Project("{8BC9CEB8-8B4A-11D0-8D11-00A0C91BC942}") = "FSM", "FSM\FSM.vcxproj", "{65F51D83-1D7C-4DF0-9137-F4710216EBD7}"
EndProject
Global
	GlobalSection(SolutionConfigurationPlatforms) = preSolution
		Debug|x64 = Debug|x64
		Debug|x86 = Debug|x86
		Release|x64 = Release|x64
		Release|x86 = Release|x86
	EndGlobalSection
	GlobalSection(ProjectConfigurationPlatforms) = postSolution
		{65F51D83-1D7C-4DF0-9137-F4710216EBD7}.Debug|x64.ActiveCfg = Debug|x64
		{65F51D83-1D7C-4DF0-9137-F4710216EBD7}.Debug|x64.Build.0 = Debug|x64
		{65F51D83-1D7C-4DF0-9137-F4710216EBD7}.Debug|x86.ActiveCfg = Debug|Win32
		{65F51D83-1D7C-4DF0-9137-F4710216EBD7}.Debug|x86.Build.0 = Debug|Win32
		{65F51D83-1D7C-4DF0-9137-F4710216EBD7}.Release|x64.ActiveCfg = Release|x64
		{65F51D83-1D7C-4DF0-9137-F4710216EBD7}.Release|x64.Build.0 = Release|x64
		{65F51D83-1D7C-4DF0-9137-F4710216EBD7}.Release|x86.ActiveCfg = Release|Win32
		{65F51D83-1D7C-4DF0-9137-F4710216EBD7}.Release|x86.Build.0 = Release|Win32
	EndGlobalSection
	GlobalSection(SolutionProperties) = preSolution
		HideSolutionNode = FALSE
	EndGlobalSection
	GlobalSection(ExtensibilityGlobals) = postSolution
		SolutionGuid = {FFA21310-FF74-4893-840C-D38B84853B51}
	EndGlobalSection
EndGlobal
